lockfileVersion: '9.0'

settings:
  autoInstallPeers: true
  excludeLinksFromLockfile: false

importers:

  .:
    dependencies:
      '@chainsafe/libp2p-noise':
        specifier: 17.0.0
        version: 17.0.0
      '@chainsafe/libp2p-yamux':
        specifier: 8.0.0
        version: 8.0.0
      '@libp2p/circuit-relay-v2':
        specifier: 4.0.5
        version: 4.0.5
      '@libp2p/crypto':
        specifier: 5.1.12
        version: 5.1.12
      '@libp2p/identify':
        specifier: 4.0.5
        version: 4.0.5
      '@libp2p/websockets':
        specifier: 10.0.5
        version: 10.0.5
      '@multiformats/multiaddr':
        specifier: 13.0.1
        version: 13.0.1
      it-length-prefixed-stream:
        specifier: 2.0.3
        version: 2.0.3
      libp2p:
        specifier: 3.0.5
        version: 3.0.5
    devDependencies:
      '@biomejs/biome':
        specifier: 2.2.5
        version: 2.2.5
      '@libp2p/interface':
        specifier: 3.0.2
        version: 3.0.2
      '@types/node':
        specifier: 24.6.2
        version: 24.6.2
      it-stream-types:
        specifier: 2.0.2
        version: 2.0.2
      tsc-alias:
        specifier: 1.8.16
        version: 1.8.16
      typescript:
        specifier: 5.9.3
        version: 5.9.3

packages:

  '@biomejs/biome@2.2.5':
    resolution: {integrity: sha512-zcIi+163Rc3HtyHbEO7CjeHq8DjQRs40HsGbW6vx2WI0tg8mYQOPouhvHSyEnCBAorfYNnKdR64/IxO7xQ5faw==}
    engines: {node: '>=14.21.3'}
    hasBin: true

  '@biomejs/cli-darwin-arm64@2.2.5':
    resolution: {integrity: sha512-MYT+nZ38wEIWVcL5xLyOhYQQ7nlWD0b/4mgATW2c8dvq7R4OQjt/XGXFkXrmtWmQofaIM14L7V8qIz/M+bx5QQ==}
    engines: {node: '>=14.21.3'}
    cpu: [arm64]
    os: [darwin]

  '@biomejs/cli-darwin-x64@2.2.5':
    resolution: {integrity: sha512-FLIEl73fv0R7dI10EnEiZLw+IMz3mWLnF95ASDI0kbx6DDLJjWxE5JxxBfmG+udz1hIDd3fr5wsuP7nwuTRdAg==}
    engines: {node: '>=14.21.3'}
    cpu: [x64]
    os: [darwin]

  '@biomejs/cli-linux-arm64-musl@2.2.5':
    resolution: {integrity: sha512-5Ov2wgAFwqDvQiESnu7b9ufD1faRa+40uwrohgBopeY84El2TnBDoMNXx6iuQdreoFGjwW8vH6k68G21EpNERw==}
    engines: {node: '>=14.21.3'}
    cpu: [arm64]
    os: [linux]

  '@biomejs/cli-linux-arm64@2.2.5':
    resolution: {integrity: sha512-5DjiiDfHqGgR2MS9D+AZ8kOfrzTGqLKywn8hoXpXXlJXIECGQ32t+gt/uiS2XyGBM2XQhR6ztUvbjZWeccFMoQ==}
    engines: {node: '>=14.21.3'}
    cpu: [arm64]
    os: [linux]

  '@biomejs/cli-linux-x64-musl@2.2.5':
    resolution: {integrity: sha512-AVqLCDb/6K7aPNIcxHaTQj01sl1m989CJIQFQEaiQkGr2EQwyOpaATJ473h+nXDUuAcREhccfRpe/tu+0wu0eQ==}
    engines: {node: '>=14.21.3'}
    cpu: [x64]
    os: [linux]

  '@biomejs/cli-linux-x64@2.2.5':
    resolution: {integrity: sha512-fq9meKm1AEXeAWan3uCg6XSP5ObA6F/Ovm89TwaMiy1DNIwdgxPkNwxlXJX8iM6oRbFysYeGnT0OG8diCWb9ew==}
    engines: {node: '>=14.21.3'}
    cpu: [x64]
    os: [linux]

  '@biomejs/cli-win32-arm64@2.2.5':
    resolution: {integrity: sha512-xaOIad4wBambwJa6mdp1FigYSIF9i7PCqRbvBqtIi9y29QtPVQ13sDGtUnsRoe6SjL10auMzQ6YAe+B3RpZXVg==}
    engines: {node: '>=14.21.3'}
    cpu: [arm64]
    os: [win32]

  '@biomejs/cli-win32-x64@2.2.5':
    resolution: {integrity: sha512-F/jhuXCssPFAuciMhHKk00xnCAxJRS/pUzVfXYmOMUp//XW7mO6QeCjsjvnm8L4AO/dG2VOB0O+fJPiJ2uXtIw==}
    engines: {node: '>=14.21.3'}
    cpu: [x64]
    os: [win32]

  '@chainsafe/as-chacha20poly1305@0.1.0':
    resolution: {integrity: sha512-BpNcL8/lji/GM3+vZ/bgRWqJ1q5kwvTFmGPk7pxm/QQZDbaMI98waOHjEymTjq2JmdD/INdNBFOVSyJofXg7ew==}

  '@chainsafe/as-sha256@1.2.0':
    resolution: {integrity: sha512-H2BNHQ5C3RS+H0ZvOdovK6GjFAyq5T6LClad8ivwj9Oaiy28uvdsGVS7gNJKuZmg0FGHAI+n7F0Qju6U0QkKDA==}

  '@chainsafe/is-ip@2.1.0':
    resolution: {integrity: sha512-KIjt+6IfysQ4GCv66xihEitBjvhU/bixbbbFxdJ1sqCp4uJ0wuZiYBPhksZoy4lfaF0k9cwNzY5upEW/VWdw3w==}

  '@chainsafe/libp2p-noise@17.0.0':
    resolution: {integrity: sha512-vwrmY2Y+L1xYhIDiEpl61KHxwrLCZoXzTpwhyk34u+3+6zCAZPL3GxH3i2cs+u5IYNoyLptORdH17RKFXy7upA==}

  '@chainsafe/libp2p-yamux@8.0.0':
    resolution: {integrity: sha512-Vm0MYMikUmULCbtJTL6ddb+cqaC5gnNNO0eQF3gp2DKoJeDSh3M29qphdj3x8UXsjBGkivT6DQgZ6MXPuI7FnQ==}

  '@chainsafe/netmask@2.0.0':
    resolution: {integrity: sha512-I3Z+6SWUoaljh3TBzCnCxjlUyN8tA+NAk5L6m9IxvCf1BENQTePzPMis97CoN/iMW1St3WN+AWCCRp+TTBRiDg==}

  '@leichtgewicht/ip-codec@2.0.5':
    resolution: {integrity: sha512-Vo+PSpZG2/fmgmiNzYK9qWRh8h/CHrwD0mo1h1DzL4yzHNSfWYujGTYsWGreD000gcgmZ7K4Ys6Tx9TxtsKdDw==}

  '@libp2p/circuit-relay-v2@4.0.5':
    resolution: {integrity: sha512-A01ip1YygSFE5m26sXVZzjdovyxBeW5Za1rRxzGJbBfStNX0fDVJVAprRiFSMNorAVrFQThxXUygiiFE5guN2Q==}

  '@libp2p/crypto@5.1.12':
    resolution: {integrity: sha512-1yJS0BZj+HF4M3Uv/92y3oIbMcCar218accFBcX+nKVhBlwDbx6fkUURhs5GilIhMgDtir+qQ8Un1hwF4CgGzw==}

  '@libp2p/identify@4.0.5':
    resolution: {integrity: sha512-p25fw5+w0OjsAgxJWWZhUY25hYGyfFlA1ifycE6DFnPuhYHosZx69/2Q30rq4kZgSEBCepGcj32cKRhWCn0L9A==}

  '@libp2p/interface-internal@3.0.4':
    resolution: {integrity: sha512-ssYkHS8mnxQfgyGbpORV5KwHzZ5RV8XwrB/SPDAR5bmKu0Fthl9o6nNslJ1oXMZv/hdcT9RPe9x3PMs56OIYoA==}

  '@libp2p/interface-internal@3.0.5':
    resolution: {integrity: sha512-gaarewSLKpH5iMkXPmUctDk8SoBf/fXL/wNkpfHqHXtzP6Z4Hhm6eFc/DpL8NfCe+tLf1Cdmg3jOsxfdBS3IoA==}

  '@libp2p/interface@2.11.0':
    resolution: {integrity: sha512-0MUFKoXWHTQW3oWIgSHApmYMUKWO/Y02+7Hpyp+n3z+geD4Xo2Rku2gYWmxcq+Pyjkz6Q9YjDWz3Yb2SoV2E8Q==}

  '@libp2p/interface@3.0.2':
    resolution: {integrity: sha512-nb3H0eu9RPCBjwWUCafSL3TpFmt1Jhe4zgWlV98VrrWhtxg8xaunbEWzfVnU+R2TvV8IAljGw80OcqSst3gBlw==}

  '@libp2p/logger@5.2.0':
    resolution: {integrity: sha512-OEFS529CnIKfbWEHmuCNESw9q0D0hL8cQ8klQfjIVPur15RcgAEgc1buQ7Y6l0B6tCYg120bp55+e9tGvn8c0g==}

  '@libp2p/logger@6.0.1':
    resolution: {integrity: sha512-lUlxCuEUa70TYkY+qgdoi0pPcKSkA8R/q0iYboRa8vrD/Dm/ABjV03zp8kxNzBKKz7E/fzI7/QTL8KFT/xU9Bw==}

  '@libp2p/logger@6.0.4':
    resolution: {integrity: sha512-S5oaJYRm2PpCTeLttLfU9tLKv4Ay+FwlJBTL9R9yORRVPqe9r3oCW4JkokyLdUHuPlStdJJoAUO5KhYHvTpOAw==}

  '@libp2p/logger@6.0.5':
    resolution: {integrity: sha512-4HdUwusPh57KKSY0v0YMYw6T2wl93svOLFNJuosy2xLto9zty1KWkrjaEFyF6jF0a7zBd1k5trjJsDXo8OKDxw==}

  '@libp2p/multistream-select@7.0.4':
    resolution: {integrity: sha512-n9SileihJZHW/fyZyWf/tzjZ+G9/nKyMsSu3wvGg3JVBt7Iz3ArH8Ogx8GmmNzHh8BFLSgzmYbJEvwtMe9N9+w==}

  '@libp2p/peer-collections@7.0.4':
    resolution: {integrity: sha512-mUakbkYe9/neWv4KgtmpT2equ5rQjLGsud2rIYEfLpl+8ZSUllNcOvR1TMxrJACO+0u4ko4OqX/HGpHhzrTIYQ==}

  '@libp2p/peer-collections@7.0.5':
    resolution: {integrity: sha512-mUkVDAHyxGr8fAI+aa+kf6izP4BI3qqIvuMQQpppYRG3feptmiRqSulbt/UpXoIepLp/1hIlAeZ+QyAMBZ7EpA==}

  '@libp2p/peer-id@6.0.1':
    resolution: {integrity: sha512-1oZgQrSP/zpe1mSRxGgqoZUkfgThrrwJ/kP562xQb8wglyWm9Ro5zh8Rcj4lcXq+Qsz1PkHZkMnea/tquf33hQ==}

  '@libp2p/peer-id@6.0.3':
    resolution: {integrity: sha512-kNecI7YYeh55Jrx+ra0AxEx5CfpKB4/i+4rBJ8jRyLaMgJvwhTC055mZrKv+rUWEEfp/9VqCnDKQ8cVoDbDydA==}

  '@libp2p/peer-record@9.0.3':
    resolution: {integrity: sha512-W1K/fdyLDZpxEEcS08JafyNyDUAKHhdjxdt2M7ZwDtBbRrM9RFseZaGHufpMEgPZxne6RriLpJp1NLeFPF9bZA==}

  '@libp2p/peer-store@12.0.4':
    resolution: {integrity: sha512-ORzUrF72TGxsMu9KTAnFHTyHXdn/4ALjhP+LLTFojKUIaw16nXULpCEVVgO2bdhUdNt1zTtY1rQn9MeJiZ113A==}

  '@libp2p/utils@7.0.1':
    resolution: {integrity: sha512-6100H6V5oUF9a1o22yt4RfwAZW/Ns37/JwgZEyZfo0hjRhXVC773ao4Jf1I7YWNVJk6ktqG6TMCDe5OnROPAOA==}

  '@libp2p/utils@7.0.4':
    resolution: {integrity: sha512-ZtudYpZBHp0SRkSGgX04Ajpkhj6HVdBdhtvRYNO4bXvK0vKzb6J9dj1ARnqon7zjZC0cGWrDPpSiK4pCXeqJ+Q==}

  '@libp2p/utils@7.0.5':
    resolution: {integrity: sha512-SmefnIdRXjLh9SdJ8nIL0LFvBqVuti3kujzk0/4Xj8mvAEzYl7h/Ge5VU6PHpzat9CZMplGQGGfr/vxX1WuckQ==}

  '@libp2p/websockets@10.0.5':
    resolution: {integrity: sha512-zcLXXSX34Eyd7pdWIQ6kdWsda6BQDiZsSJXjKy7/Xeo+XtuZNxH/k9CL5uuAFjSfnMdZLUzZnY9OxOd54h0c0g==}

  '@multiformats/dns@1.0.6':
    resolution: {integrity: sha512-nt/5UqjMPtyvkG9BQYdJ4GfLK3nMqGpFZOzf4hAmIa0sJh2LlS9YKXZ4FgwBDsaHvzZqR/rUFIywIc7pkHNNuw==}

  '@multiformats/multiaddr-matcher@3.0.1':
    resolution: {integrity: sha512-jvjwzCPysVTQ53F4KqwmcqZw73BqHMk0UUZrMP9P4OtJ/YHrfs122ikTqhVA2upe0P/Qz9l8HVlhEifVYB2q9A==}

  '@multiformats/multiaddr-to-uri@12.0.0':
    resolution: {integrity: sha512-3uIEBCiy8tfzxYYBl81x1tISiNBQ7mHU4pGjippbJRoQYHzy/ZdZM/7JvTldr8pc/dzpkaNJxnsuxxlhsPOJsA==}

  '@multiformats/multiaddr@12.5.1':
    resolution: {integrity: sha512-+DDlr9LIRUS8KncI1TX/FfUn8F2dl6BIxJgshS/yFQCNB5IAF0OGzcwB39g5NLE22s4qqDePv0Qof6HdpJ/4aQ==}

  '@multiformats/multiaddr@13.0.1':
    resolution: {integrity: sha512-XToN915cnfr6Lr9EdGWakGJbPT0ghpg/850HvdC+zFX8XvpLZElwa8synCiwa8TuvKNnny6m8j8NVBNCxhIO3g==}

  '@noble/ciphers@2.0.1':
    resolution: {integrity: sha512-xHK3XHPUW8DTAobU+G0XT+/w+JLM7/8k1UFdB5xg/zTFPnFCobhftzw8wl4Lw2aq/Rvir5pxfZV5fEazmeCJ2g==}
    engines: {node: '>= 20.19.0'}

  '@noble/curves@2.0.1':
    resolution: {integrity: sha512-vs1Az2OOTBiP4q0pwjW5aF0xp9n4MxVrmkFBxc6EKZc6ddYx5gaZiAsZoq0uRRXWbi3AT/sBqn05eRPtn1JCPw==}
    engines: {node: '>= 20.19.0'}

  '@noble/hashes@2.0.1':
    resolution: {integrity: sha512-XlOlEbQcE9fmuXxrVTXCTlG2nlRXa9Rj3rr5Ue/+tX+nmkgbX720YHh0VR3hBF9xDvwnb8D2shVGOwNx+ulArw==}
    engines: {node: '>= 20.19.0'}

  '@nodelib/fs.scandir@2.1.5':
    resolution: {integrity: sha512-vq24Bq3ym5HEQm2NKCr3yXDwjc7vTsEThRDnkp2DK9p1uqLR+DHurm/NOTo0KG7HYHU7eppKZj3MyqYuMBf62g==}
    engines: {node: '>= 8'}

  '@nodelib/fs.stat@2.0.5':
    resolution: {integrity: sha512-RkhPPp2zrqDAQA/2jNhnztcPAlv64XdhIp7a7454A5ovI7Bukxgt7MX7udwAu3zg1DcpPU0rz3VV1SeaqvY4+A==}
    engines: {node: '>= 8'}

  '@nodelib/fs.walk@1.2.8':
    resolution: {integrity: sha512-oGB+UxlgWcgQkgwo8GcEGwemoTFt3FIO9ababBmaGwXIoBKZ+GTy0pP185beGg7Llih/NSHSV2XAs1lnznocSg==}
    engines: {node: '>= 8'}

  '@sindresorhus/fnv1a@3.1.0':
    resolution: {integrity: sha512-KV321z5m/0nuAg83W1dPLy85HpHDk7Sdi4fJbwvacWsEhAh+rZUW4ZfGcXmUIvjZg4ss2bcwNlRhJ7GBEUG08w==}
    engines: {node: ^12.20.0 || ^14.13.1 || >=16.0.0}

  '@types/dns-packet@5.6.5':
    resolution: {integrity: sha512-qXOC7XLOEe43ehtWJCMnQXvgcIpv6rPmQ1jXT98Ad8A3TB1Ue50jsCbSSSyuazScEuZ/Q026vHbrOTVkmwA+7Q==}

  '@types/node@24.6.2':
    resolution: {integrity: sha512-d2L25Y4j+W3ZlNAeMKcy7yDsK425ibcAOO2t7aPTz6gNMH0z2GThtwENCDc0d/Pw9wgyRqE5Px1wkV7naz8ang==}

  abort-error@1.0.1:
    resolution: {integrity: sha512-fxqCblJiIPdSXIUrxI0PL+eJG49QdP9SQ70qtB65MVAoMr2rASlOyAbJFOylfB467F/f+5BCLJJq58RYi7mGfg==}

  any-signal@4.1.1:
    resolution: {integrity: sha512-iADenERppdC+A2YKbOXXB2WUeABLaM6qnpZ70kZbPZ1cZMMJ7eF+3CaYm+/PhBizgkzlvssC7QuHS30oOiQYWA==}
    engines: {node: '>=16.0.0', npm: '>=7.0.0'}

  anymatch@3.1.3:
    resolution: {integrity: sha512-KMReFUr0B4t+D+OBkjR3KYqvocp2XaSzO55UcB6mgQMd3KbcE+mWTyvVV7D/zsdEbNnV6acZUutkiHQXvTr1Rw==}
    engines: {node: '>= 8'}

  array-union@2.1.0:
    resolution: {integrity: sha512-HGyxoOTYUyCM6stUe6EJgnd4EoewAI7zMdfqO+kGjnlZmBDz/cR5pf8r/cR4Wq60sL/p0IkcjUEEPwS3GFrIyw==}
    engines: {node: '>=8'}

  base64-js@1.5.1:
    resolution: {integrity: sha512-AKpaYlHn8t4SVbOHCy+b5+KKgvR4vrsD8vbvrbiQJps7fKDTkjkDry6ji0rUJjC0kzbNePLwzxq8iypo41qeWA==}

  binary-extensions@2.3.0:
    resolution: {integrity: sha512-Ceh+7ox5qe7LJuLHoY0feh3pHuUDHAcRUeyL2VYghZwfpkNIy/+8Ocg0a3UuSoYzavmylwuLWQOf3hl0jjMMIw==}
    engines: {node: '>=8'}

  braces@3.0.3:
    resolution: {integrity: sha512-yQbXgO/OSZVD2IsiLlro+7Hf6Q18EJrKSEsdoMzKePKXct3gvD8oLcOQdIzGupr5Fj+EDe8gO/lxc1BzfMpxvA==}
    engines: {node: '>=8'}

  buffer@6.0.3:
    resolution: {integrity: sha512-FTiCpNxtwiZZHEZbcbTIcZjERVICn9yq/pDFkTl95/AxzD1naBctN7YO68riM/gLSDY7sdrMby8hofADYuuqOA==}

  cborg@4.2.15:
    resolution: {integrity: sha512-T+YVPemWyXcBVQdp0k61lQp2hJniRNmul0lAwTj2DTS/6dI4eCq/MRMucGqqvFqMBfmnD8tJ9aFtPu5dEGAbgw==}
    hasBin: true

  chokidar@3.6.0:
    resolution: {integrity: sha512-7VT13fmjotKpGipCW9JEQAusEPE+Ei8nl6/g4FBAmIm0GOOLMua9NDDo/DWp0ZAxCr3cPq5ZpBqmPAQgDda2Pw==}
    engines: {node: '>= 8.10.0'}

  commander@9.5.0:
    resolution: {integrity: sha512-KRs7WVDKg86PWiuAqhDrAQnTXZKraVcCc6vFdL14qrZ/DcWwuRo7VoiYXalXO7S5GKpqYiVEwCbgFDfxNHKJBQ==}
    engines: {node: ^12.20.0 || >=14}

  datastore-core@10.0.4:
    resolution: {integrity: sha512-IctgCO0GA7GHG7aRm3JRruibCsfvN4EXNnNIlLCZMKIv0TPkdAL5UFV3/xTYFYrrZ1jRNrXZNZRvfcVf/R+rAw==}

  delay@6.0.0:
    resolution: {integrity: sha512-2NJozoOHQ4NuZuVIr5CWd0iiLVIRSDepakaovIN+9eIDHEhdCAEvSy2cuf1DCrPPQLvHmbqTHODlhHg8UCy4zw==}
    engines: {node: '>=16'}

  dir-glob@3.0.1:
    resolution: {integrity: sha512-WkrWp9GR4KXfKGYzOLmTuGVi1UWFfws377n9cc55/tb6DuqyF6pcQ5AbiHEshaDpY9v6oaSr2XCDidGmMwdzIA==}
    engines: {node: '>=8'}

  dns-packet@5.6.1:
    resolution: {integrity: sha512-l4gcSouhcgIKRvyy99RNVOgxXiicE+2jZoNmaNmZ6JXiGajBOJAesk1OBlJuM5k2c+eudGdLxDqXuPCKIj6kpw==}
    engines: {node: '>=6'}

  eventemitter3@5.0.1:
    resolution: {integrity: sha512-GWkBvjiSZK87ELrYOSESUYeVIc9mvLLf/nXalMOS5dYrgZq9o5OVkbZAVM06CVxYsCwH9BDZFPlQTlPA1j4ahA==}

  fast-glob@3.3.3:
    resolution: {integrity: sha512-7MptL8U0cqcFdzIzwOTHoilX9x5BrNqye7Z/LuC7kCMRio1EMSyqRK3BEAUD7sXRq4iT4AzTVuZdhgQ2TCvYLg==}
    engines: {node: '>=8.6.0'}

  fastq@1.19.1:
    resolution: {integrity: sha512-GwLTyxkCXjXbxqIhTsMI2Nui8huMPtnxg7krajPJAjnEG/iiOS7i+zCtWGZR9G0NBKbXKh6X9m9UIsYX/N6vvQ==}

  fill-range@7.1.1:
    resolution: {integrity: sha512-YsGpe3WHLK8ZYi4tWDg2Jy3ebRz2rXowDxnld4bkQB00cc/1Zw9AWnC0i9ztDJitivtQvaI9KaLyKrc+hBW0yg==}
    engines: {node: '>=8'}

  fsevents@2.3.3:
    resolution: {integrity: sha512-5xoDfX+fL7faATnagmWPpbFtwh/R77WmMMqqHGS65C3vvB0YHrgF+B1YmZ3441tMj5n63k0212XNoJwzlhffQw==}
    engines: {node: ^8.16.0 || ^10.6.0 || >=11.0.0}
    os: [darwin]

  get-tsconfig@4.10.1:
    resolution: {integrity: sha512-auHyJ4AgMz7vgS8Hp3N6HXSmlMdUyhSUrfBF16w153rxtLIEOE+HGqaBppczZvnHLqQJfiHotCYpNhl0lUROFQ==}

  glob-parent@5.1.2:
    resolution: {integrity: sha512-AOIgSQCepiJYwP3ARnGx+5VnTu2HBYdzbGP45eLw1vr3zB3vZLeyed1sC9hnbcOc9/SrMyM5RPQrkGz4aS9Zow==}
    engines: {node: '>= 6'}

  globby@11.1.0:
    resolution: {integrity: sha512-jhIXaOzy1sb8IyocaruWSn1TjmnBVs8Ayhcy83rmxNJ8q2uWKCAj3CnJY+KpGSXCueAPc0i05kVvVKtP1t9S3g==}
    engines: {node: '>=10'}

  hashlru@2.3.0:
    resolution: {integrity: sha512-0cMsjjIC8I+D3M44pOQdsy0OHXGLVz6Z0beRuufhKa0KfaD2wGwAev6jILzXsd3/vpnNQJmWyZtIILqM1N+n5A==}

  ieee754@1.2.1:
    resolution: {integrity: sha512-dcyqhDvX1C46lXZcVqCpK+FtMRQVdIMN6/Df5js2zouUsqG7I6sFxitIC+7KYK29KdXOLHdu9zL4sFnoVQnqaA==}

  ignore@5.3.2:
    resolution: {integrity: sha512-hsBTNUqQTDwkWtcdYI2i06Y/nUBEsNEDJKjWdigLvegy8kDuJAS8uRlpkkcQpyEXL0Z/pjDy5HBmMjRCJ2gq+g==}
    engines: {node: '>= 4'}

  interface-datastore@8.3.2:
    resolution: {integrity: sha512-R3NLts7pRbJKc3qFdQf+u40hK8XWc0w4Qkx3OFEstC80VoaDUABY/dXA2EJPhtNC+bsrf41Ehvqb6+pnIclyRA==}

  interface-datastore@9.0.2:
    resolution: {integrity: sha512-jebn+GV/5LTDDoyicNIB4D9O0QszpPqT09Z/MpEWvf3RekjVKpXJCDguM5Au2fwIFxFDAQMZe5bSla0jMamCNg==}

  interface-store@6.0.3:
    resolution: {integrity: sha512-+WvfEZnFUhRwFxgz+QCQi7UC6o9AM0EHM9bpIe2Nhqb100NHCsTvNAn4eJgvgV2/tmLo1MP9nGxQKEcZTAueLA==}

  interface-store@7.0.0:
    resolution: {integrity: sha512-I+Ov6Twb2AAabO3vdQL5Jcc771vbkIlZdR2DBEHBSSh1Q1B/wF1kFSYGGfacInL3t7ve1vThUwJn96cKy1/mTg==}

  is-binary-path@2.1.0:
    resolution: {integrity: sha512-ZMERYes6pDydyuGidse7OsHxtbI7WVeUEozgR/g7rd0xUimYNlvZRE/K2MgZTjWy725IfelLeVcEM97mmtRGXw==}
    engines: {node: '>=8'}

  is-electron@2.2.2:
    resolution: {integrity: sha512-FO/Rhvz5tuw4MCWkpMzHFKWD2LsfHzIb7i6MdPYZ/KW7AlxawyLkqdy+jPZP1WubqEADE3O4FUENlJHDfQASRg==}

  is-extglob@2.1.1:
    resolution: {integrity: sha512-SbKbANkN603Vi4jEZv49LeVJMn4yGwsbzZworEoyEiutsN3nJYdbO36zfhGJ6QEDpOZIFkDtnq5JRxmvl3jsoQ==}
    engines: {node: '>=0.10.0'}

  is-glob@4.0.3:
    resolution: {integrity: sha512-xelSayHH36ZgE7ZWhli7pW34hNbNl8Ojv5KVmkJD4hBdD3th8Tfk9vYasLM+mXWOZhFkgZfxhLSnrwRr4elSSg==}
    engines: {node: '>=0.10.0'}

  is-loopback-addr@2.0.2:
    resolution: {integrity: sha512-26POf2KRCno/KTNL5Q0b/9TYnL00xEsSaLfiFRmjM7m7Lw7ZMmFybzzuX4CcsLAluZGd+niLUiMRxEooVE3aqg==}

  is-network-error@1.1.0:
    resolution: {integrity: sha512-tUdRRAnhT+OtCZR/LxZelH/C7QtjtFrTu5tXCA8pl55eTUElUHT+GPYV8MBMBvea/j+NxQqVt3LbWMRir7Gx9g==}
    engines: {node: '>=16'}

  is-number@7.0.0:
    resolution: {integrity: sha512-41Cifkg6e8TylSpdtTpeLVMqvSBEVzTttHvERD741+pnZ8ANv0004MRL43QKPDlK9cGvNp6NZWZUBlbGXYxxng==}
    engines: {node: '>=0.12.0'}

  it-all@3.0.9:
    resolution: {integrity: sha512-fz1oJJ36ciGnu2LntAlE6SA97bFZpW7Rnt0uEc1yazzR2nKokZLr8lIRtgnpex4NsmaBcvHF+Z9krljWFy/mmg==}

  it-byte-stream@2.0.3:
    resolution: {integrity: sha512-h7FFcn4DWiWsJw1dCJhuPdiY8cGi1z8g4aLAfFspTaJbwQxvEMlEBFG/f8lIVGwM8YK26ClM4/9lxLVhF33b8g==}

  it-drain@3.0.10:
    resolution: {integrity: sha512-0w/bXzudlyKIyD1+rl0xUKTI7k4cshcS43LTlBiGFxI8K1eyLydNPxGcsVLsFVtKh1/ieS8AnVWt6KwmozxyEA==}

  it-filter@3.1.4:
    resolution: {integrity: sha512-80kWEKgiFEa4fEYD3mwf2uygo1dTQ5Y5midKtL89iXyjinruA/sNXl6iFkTcdNedydjvIsFhWLiqRPQP4fAwWQ==}

  it-length-prefixed-stream@2.0.3:
    resolution: {integrity: sha512-Ns3jNFy2mcFnV59llCYitJnFHapg8wIcOsWkEaAwOkG9v4HBCk24nze/zGDQjiJdDTyFXTT5GOY3M/uaksot3w==}

  it-length-prefixed@10.0.1:
    resolution: {integrity: sha512-BhyluvGps26u9a7eQIpOI1YN7mFgi8lFwmiPi07whewbBARKAG9LE09Odc8s1Wtbt2MB6rNUrl7j9vvfXTJwdQ==}
    engines: {node: '>=16.0.0', npm: '>=7.0.0'}

  it-map@3.1.4:
    resolution: {integrity: sha512-QB9PYQdE9fUfpVFYfSxBIyvKynUCgblb143c+ktTK6ZuKSKkp7iH58uYFzagqcJ5HcqIfn1xbfaralHWam+3fg==}

  it-merge@3.0.12:
    resolution: {integrity: sha512-nnnFSUxKlkZVZD7c0jYw6rDxCcAQYcMsFj27thf7KkDhpj0EA0g9KHPxbFzHuDoc6US2EPS/MtplkNj8sbCx4Q==}

  it-parallel@3.0.13:
    resolution: {integrity: sha512-85PPJ/O8q97Vj9wmDTSBBXEkattwfQGruXitIzrh0RLPso6RHfiVqkuTqBNufYYtB1x6PSkh0cwvjmMIkFEPHA==}

  it-peekable@3.0.8:
    resolution: {integrity: sha512-7IDBQKSp/dtBxXV3Fj0v3qM1jftJ9y9XrWLRIuU1X6RdKqWiN60syNwP0fiDxZD97b8SYM58dD3uklIk1TTQAw==}

  it-pipe@3.0.1:
    resolution: {integrity: sha512-sIoNrQl1qSRg2seYSBH/3QxWhJFn9PKYvOf/bHdtCBF0bnghey44VyASsWzn5dAx0DCDDABq1hZIuzKmtBZmKA==}
    engines: {node: '>=16.0.0', npm: '>=7.0.0'}

  it-pushable@3.2.3:
    resolution: {integrity: sha512-gzYnXYK8Y5t5b/BnJUr7glfQLO4U5vyb05gPx/TyTw+4Bv1zM9gFk4YsOrnulWefMewlphCjKkakFvj1y99Tcg==}

  it-queue@1.1.0:
    resolution: {integrity: sha512-aK9unJRIaJc9qiv53LByhF7/I2AuD7Ro4oLfLieVLL9QXNvRx++ANMpv8yCp2UO0KAtBuf70GOxSYb6ElFVRpQ==}

  it-queueless-pushable@2.0.2:
    resolution: {integrity: sha512-2BqIt7XvDdgEgudLAdJkdseAwbVSBc0yAd8yPVHrll4eBuJPWIj9+8C3OIxzEKwhswLtd3bi+yLrzgw9gCyxMA==}

  it-reader@6.0.4:
    resolution: {integrity: sha512-XCWifEcNFFjjBHtor4Sfaj8rcpt+FkY0L6WdhD578SCDhV4VUm7fCkF3dv5a+fTcfQqvN9BsxBTvWbYO6iCjTg==}
    engines: {node: '>=16.0.0', npm: '>=7.0.0'}

  it-sort@3.0.9:
    resolution: {integrity: sha512-jsM6alGaPiQbcAJdzMsuMh00uJcI+kD9TBoScB8TR75zUFOmHvhSsPi+Dmh2zfVkcoca+14EbfeIZZXTUGH63w==}

  it-stream-types@2.0.2:
    resolution: {integrity: sha512-Rz/DEZ6Byn/r9+/SBCuJhpPATDF9D+dz5pbgSUyBsCDtza6wtNATrz/jz1gDyNanC3XdLboriHnOC925bZRBww==}

  it-take@3.0.9:
    resolution: {integrity: sha512-XMeUbnjOcgrhFXPUqa7H0VIjYSV/BvyxxjCp76QHVAFDJw2LmR1SHxUFiqyGeobgzJr7P2ZwSRRJQGn4D2BVlA==}

  libp2p@3.0.5:
    resolution: {integrity: sha512-gQU5bqvjzBWcnlqujYWfzfOaPd+6Vd09zOgXRr1xg2QmhyiDQMeacDIRUJmwlmUV61qnpAePeRwdGBQSu/tdOA==}

  main-event@1.0.1:
    resolution: {integrity: sha512-NWtdGrAca/69fm6DIVd8T9rtfDII4Q8NQbIbsKQq2VzS9eqOGYs8uaNQjcuaCq/d9H/o625aOTJX2Qoxzqw0Pw==}

  merge2@1.4.1:
    resolution: {integrity: sha512-8q7VEgMJW4J8tcfVPy8g09NcQwZdbwFEqhe/WZkoIzjn/3TGDwtOCYtXGxA3O8tPzpczCCDgv+P2P5y00ZJOOg==}
    engines: {node: '>= 8'}

  micromatch@4.0.8:
    resolution: {integrity: sha512-PXwfBhYu0hBCPw8Dn0E+WDYb7af3dSLVWKi3HGv84IdF4TyFoC0ysxFd0Goxw7nSv4T/PzEJQxsYsEiFCKo2BA==}
    engines: {node: '>=8.6'}

  mortice@3.3.1:
    resolution: {integrity: sha512-t3oESfijIPGsmsdLEKjF+grHfrbnKSXflJtgb1wY14cjxZpS6GnhHRXTxxzCAoCCnq1YYfpEPwY3gjiCPhOufQ==}

  ms@3.0.0-canary.1:
    resolution: {integrity: sha512-kh8ARjh8rMN7Du2igDRO9QJnqCb2xYTJxyQYK7vJJS4TvLLmsbyhiKpSW+t+y26gyOyMd0riphX0GeWKU3ky5g==}
    engines: {node: '>=12.13'}

  multiformats@13.3.7:
    resolution: {integrity: sha512-meL9DERHj+fFVWoOX9fXqfcYcSpUfSYJPcFvDPKrxitICbwAoWR+Ut4j5NO9zAT917HUHLQmqzQbAsGNHlDcxQ==}

  multiformats@13.4.1:
    resolution: {integrity: sha512-VqO6OSvLrFVAYYjgsr8tyv62/rCQhPgsZUXLTqoFLSgdkgiUYKYeArbt1uWLlEpkjxQe+P0+sHlbPEte1Bi06Q==}

  mylas@2.1.13:
    resolution: {integrity: sha512-+MrqnJRtxdF+xngFfUUkIMQrUUL0KsxbADUkn23Z/4ibGg192Q+z+CQyiYwvWTsYjJygmMR8+w3ZDa98Zh6ESg==}
    engines: {node: '>=12.0.0'}

  nanoid@5.1.5:
    resolution: {integrity: sha512-Ir/+ZpE9fDsNH0hQ3C68uyThDXzYcim2EqcZ8zn8Chtt1iylPT9xXJB0kPCnqzgcEGikO9RxSrh63MsmVCU7Fw==}
    engines: {node: ^18 || >=20}
    hasBin: true

  netmask@2.0.2:
    resolution: {integrity: sha512-dBpDMdxv9Irdq66304OLfEmQ9tbNRFnFTuZiLo+bD+r332bBmMJ8GBLXklIXXgxd3+v9+KUnZaUR5PJMa75Gsg==}
    engines: {node: '>= 0.4.0'}

  normalize-path@3.0.0:
    resolution: {integrity: sha512-6eZs5Ls3WtCisHWp9S2GUy8dqkpGi4BVSz3GaqiE6ezub0512ESztXUwUB6C6IKbQkY2Pnb/mD4WYojCRwcwLA==}
    engines: {node: '>=0.10.0'}

  p-defer@4.0.1:
    resolution: {integrity: sha512-Mr5KC5efvAK5VUptYEIopP1bakB85k2IWXaRC0rsh1uwn1L6M0LVml8OIQ4Gudg4oyZakf7FmeRLkMMtZW1i5A==}
    engines: {node: '>=12'}

  p-event@7.0.0:
    resolution: {integrity: sha512-z4Xv/ieHhi6Dx3A5xbZI8WWTn+eSRo6buGTvA8Yv2iLyX+61SUIMKcBszZRHA6e2Apld6QEDSclAuha2iUntyA==}
    engines: {node: '>=20'}

  p-queue@8.1.0:
    resolution: {integrity: sha512-mxLDbbGIBEXTJL0zEx8JIylaj3xQ7Z/7eEVjcF9fJX4DBiH9oqe+oahYnlKKxm0Ci9TlWTyhSHgygxMxjIB2jw==}
    engines: {node: '>=18'}

  p-retry@7.0.0:
    resolution: {integrity: sha512-3BgO9rjULJYyr0Y0pcsG7FZ+7JB/hfOODO8kx9ppumiO5jprUF92WK/Y7Q0xppZtq4VhTcPiVq7qWLQfIV5aKQ==}
    engines: {node: '>=20'}

  p-timeout@6.1.4:
    resolution: {integrity: sha512-MyIV3ZA/PmyBN/ud8vV9XzwTrNtR4jFrObymZYnZqMmW0zA8Z17vnT0rBgFE/TlohB+YCHqXMgZzb3Csp49vqg==}
    engines: {node: '>=14.16'}

  path-type@4.0.0:
    resolution: {integrity: sha512-gDKb8aZMDeD/tZWs9P6+q0J9Mwkdl6xMV8TjnGP3qJVJ06bdMgkbBlLU8IdfOsIsFz2BW1rNVT3XuNEl8zPAvw==}
    engines: {node: '>=8'}

  picomatch@2.3.1:
    resolution: {integrity: sha512-JU3teHTNjmE2VCGFzuY8EXzCDVwEqB2a8fsIvwaStHhAWJEeVd1o1QD80CU6+ZdEXXSLbSsuLwJjkCBWqRQUVA==}
    engines: {node: '>=8.6'}

  plimit-lit@1.6.1:
    resolution: {integrity: sha512-B7+VDyb8Tl6oMJT9oSO2CW8XC/T4UcJGrwOVoNGwOQsQYhlpfajmrMj5xeejqaASq3V/EqThyOeATEOMuSEXiA==}
    engines: {node: '>=12'}

  progress-events@1.0.1:
    resolution: {integrity: sha512-MOzLIwhpt64KIVN64h1MwdKWiyKFNc/S6BoYKPIVUHFg0/eIEyBulhWCgn678v/4c0ri3FdGuzXymNCv02MUIw==}

  protons-runtime@5.6.0:
    resolution: {integrity: sha512-/Kde+sB9DsMFrddJT/UZWe6XqvL7SL5dbag/DBCElFKhkwDj7XKt53S+mzLyaDP5OqS0wXjV5SA572uWDaT0Hg==}

  queue-lit@1.5.2:
    resolution: {integrity: sha512-tLc36IOPeMAubu8BkW8YDBV+WyIgKlYU7zUNs0J5Vk9skSZ4JfGlPOqplP0aHdfv7HL0B2Pg6nwiq60Qc6M2Hw==}
    engines: {node: '>=12'}

  queue-microtask@1.2.3:
    resolution: {integrity: sha512-NuaNSa6flKT5JaSYQzJok04JzTL1CA6aGhv5rfLW3PgqA+M2ChpZQnAC8h8i4ZFkBS8X5RqkDBHA7r4hej3K9A==}

  race-event@1.6.1:
    resolution: {integrity: sha512-vi7WH5g5KoTFpu2mme/HqZiWH14XSOtg5rfp6raBskBHl7wnmy3F/biAIyY5MsK+BHWhoPhxtZ1Y2R7OHHaWyQ==}

  race-signal@1.1.3:
    resolution: {integrity: sha512-Mt2NznMgepLfORijhQMncE26IhkmjEphig+/1fKC0OtaKwys/gpvpmswSjoN01SS+VO951mj0L4VIDXdXsjnfA==}

  race-signal@2.0.0:
    resolution: {integrity: sha512-P31bLhE4ByBX/70QDXMutxnqgwrF1WUXea1O8DXuviAgkdbQ1iQMQotNgzJIBC9yUSn08u/acZrMUhgw7w6GpA==}

  readdirp@3.6.0:
    resolution: {integrity: sha512-hOS089on8RduqdbhvQ5Z37A0ESjsqz6qnRcffsMU3495FuTdqSm+7bhJ29JvIOsBDEEnan5DPu9t3To9VRlMzA==}
    engines: {node: '>=8.10.0'}

  resolve-pkg-maps@1.0.0:
    resolution: {integrity: sha512-seS2Tj26TBVOC2NIc2rOe2y2ZO7efxITtLZcGSOnHHNOQ7CkiUBfw0Iw2ck6xkIhPwLhKNLS8BO+hEpngQlqzw==}

  retimeable-signal@1.0.1:
    resolution: {integrity: sha512-Cy26CYfbWnYu8HMoJeDhaMpW/EYFIbne3vMf6G9RSrOyWYXbPehja/BEdzpqmM84uy2bfBD7NPZhoQ4GZEtgvg==}

  reusify@1.1.0:
    resolution: {integrity: sha512-g6QUff04oZpHs0eG5p83rFLhHeV00ug/Yf9nZM6fLeUrPguBTkTQOdpAWWspMh55TZfVQDPaN3NQJfbVRAxdIw==}
    engines: {iojs: '>=1.0.0', node: '>=0.10.0'}

  run-parallel@1.2.0:
    resolution: {integrity: sha512-5l4VyZR86LZ/lDxZTR6jqL8AFE2S0IFLMP26AbjsLVADxHdhB/c0GUsH+y39UfCi3dzz8OlQuPmnaJOMoDHQBA==}

  slash@3.0.0:
    resolution: {integrity: sha512-g9Q1haeby36OSStwb4ntCGGGaKsaVSjQ68fBxoQcutl5fS1vuY18H3wSt3jFyFtrkx+Kz0V1G85A4MyAdDMi2Q==}
    engines: {node: '>=8'}

  supports-color@10.2.2:
    resolution: {integrity: sha512-SS+jx45GF1QjgEXQx4NJZV9ImqmO2NPz5FNsIHrsDjh2YsHnawpan7SNQ1o8NuhrbHZy9AZhIoCUiCeaW/C80g==}
    engines: {node: '>=18'}

  to-regex-range@5.0.1:
    resolution: {integrity: sha512-65P7iz6X5yEr1cwcgvQxbbIw7Uk3gOy5dIdtZ4rDveLqhrdJP+Li/Hx6tyK0NEb+2GCyneCMJiGqrADCSNk8sQ==}
    engines: {node: '>=8.0'}

  tsc-alias@1.8.16:
    resolution: {integrity: sha512-QjCyu55NFyRSBAl6+MTFwplpFcnm2Pq01rR/uxfqJoLMm6X3O14KEGtaSDZpJYaE1bJBGDjD0eSuiIWPe2T58g==}
    engines: {node: '>=16.20.2'}
    hasBin: true

  typescript@5.9.3:
    resolution: {integrity: sha512-jl1vZzPDinLr9eUt3J/t7V6FgNEw9QjvBPdysz9KfQDD41fQrC2Y4vKQdiaUpFT4bXlb1RHhLpp8wtm6M5TgSw==}
    engines: {node: '>=14.17'}
    hasBin: true

  uint8-varint@2.0.4:
    resolution: {integrity: sha512-FwpTa7ZGA/f/EssWAb5/YV6pHgVF1fViKdW8cWaEarjB8t7NyofSWBdOTyFPaGuUG4gx3v1O3PQ8etsiOs3lcw==}

  uint8arraylist@2.4.8:
    resolution: {integrity: sha512-vc1PlGOzglLF0eae1M8mLRTBivsvrGsdmJ5RbK3e+QRvRLOZfZhQROTwH/OfyF3+ZVUg9/8hE8bmKP2CvP9quQ==}

  uint8arrays@5.1.0:
    resolution: {integrity: sha512-vA6nFepEmlSKkMBnLBaUMVvAC4G3CTmO58C12y4sq6WPDOR7mOFYOi7GlrQ4djeSbP6JG9Pv9tJDM97PedRSww==}

  undici-types@7.13.0:
    resolution: {integrity: sha512-Ov2Rr9Sx+fRgagJ5AX0qvItZG/JKKoBRAVITs1zk7IqZGTJUwgUr7qoYBpWwakpWilTZFM98rG/AFRocu10iIQ==}

  weald@1.0.6:
    resolution: {integrity: sha512-sX1PzkcMJZUJ848JbFzB6aKHHglTxqACEnq2KgI75b7vWYvfXFBNbOuDKqFKwCT44CrP6c5r+L4+5GmPnb5/SQ==}

  wherearewe@2.0.1:
    resolution: {integrity: sha512-XUguZbDxCA2wBn2LoFtcEhXL6AXo+hVjGonwhSTTTU9SzbWG8Xu3onNIpzf9j/mYUcJQ0f+m37SzG77G851uFw==}
    engines: {node: '>=16.0.0', npm: '>=7.0.0'}

  ws@8.18.3:
    resolution: {integrity: sha512-PEIGCY5tSlUt50cqyMXfCzX+oOPqN0vuGqWzbcJ2xvnkzkq46oOpz7dQaTDBdfICb4N14+GARUDw2XV2N4tvzg==}
    engines: {node: '>=10.0.0'}
    peerDependencies:
      bufferutil: ^4.0.1
      utf-8-validate: '>=5.0.2'
    peerDependenciesMeta:
      bufferutil:
        optional: true
      utf-8-validate:
        optional: true

snapshots:

  '@biomejs/biome@2.2.5':
    optionalDependencies:
      '@biomejs/cli-darwin-arm64': 2.2.5
      '@biomejs/cli-darwin-x64': 2.2.5
      '@biomejs/cli-linux-arm64': 2.2.5
      '@biomejs/cli-linux-arm64-musl': 2.2.5
      '@biomejs/cli-linux-x64': 2.2.5
      '@biomejs/cli-linux-x64-musl': 2.2.5
      '@biomejs/cli-win32-arm64': 2.2.5
      '@biomejs/cli-win32-x64': 2.2.5

  '@biomejs/cli-darwin-arm64@2.2.5':
    optional: true

  '@biomejs/cli-darwin-x64@2.2.5':
    optional: true

  '@biomejs/cli-linux-arm64-musl@2.2.5':
    optional: true

  '@biomejs/cli-linux-arm64@2.2.5':
    optional: true

  '@biomejs/cli-linux-x64-musl@2.2.5':
    optional: true

  '@biomejs/cli-linux-x64@2.2.5':
    optional: true

  '@biomejs/cli-win32-arm64@2.2.5':
    optional: true

  '@biomejs/cli-win32-x64@2.2.5':
    optional: true

  '@chainsafe/as-chacha20poly1305@0.1.0': {}

  '@chainsafe/as-sha256@1.2.0': {}

  '@chainsafe/is-ip@2.1.0': {}

  '@chainsafe/libp2p-noise@17.0.0':
    dependencies:
      '@chainsafe/as-chacha20poly1305': 0.1.0
      '@chainsafe/as-sha256': 1.2.0
      '@libp2p/crypto': 5.1.12
      '@libp2p/interface': 3.0.2
      '@libp2p/peer-id': 6.0.1
      '@libp2p/utils': 7.0.1
      '@noble/ciphers': 2.0.1
      '@noble/curves': 2.0.1
      '@noble/hashes': 2.0.1
      protons-runtime: 5.6.0
      uint8arraylist: 2.4.8
      uint8arrays: 5.1.0
      wherearewe: 2.0.1

  '@chainsafe/libp2p-yamux@8.0.0':
    dependencies:
      '@libp2p/interface': 3.0.2
      '@libp2p/utils': 7.0.1
      race-signal: 2.0.0
      uint8arraylist: 2.4.8

  '@chainsafe/netmask@2.0.0':
    dependencies:
      '@chainsafe/is-ip': 2.1.0

  '@leichtgewicht/ip-codec@2.0.5': {}

  '@libp2p/circuit-relay-v2@4.0.5':
    dependencies:
      '@libp2p/crypto': 5.1.12
      '@libp2p/interface': 3.0.2
      '@libp2p/interface-internal': 3.0.5
      '@libp2p/peer-collections': 7.0.5
      '@libp2p/peer-id': 6.0.3
      '@libp2p/peer-record': 9.0.3
      '@libp2p/utils': 7.0.5
      '@multiformats/multiaddr': 13.0.1
      '@multiformats/multiaddr-matcher': 3.0.1
      any-signal: 4.1.1
      main-event: 1.0.1
      multiformats: 13.4.1
      nanoid: 5.1.5
      progress-events: 1.0.1
      protons-runtime: 5.6.0
      retimeable-signal: 1.0.1
      uint8arraylist: 2.4.8
      uint8arrays: 5.1.0

  '@libp2p/crypto@5.1.12':
    dependencies:
      '@libp2p/interface': 3.0.2
      '@noble/curves': 2.0.1
      '@noble/hashes': 2.0.1
      multiformats: 13.4.1
      protons-runtime: 5.6.0
      uint8arraylist: 2.4.8
      uint8arrays: 5.1.0

  '@libp2p/identify@4.0.5':
    dependencies:
      '@libp2p/crypto': 5.1.12
      '@libp2p/interface': 3.0.2
      '@libp2p/interface-internal': 3.0.5
      '@libp2p/peer-id': 6.0.3
      '@libp2p/peer-record': 9.0.3
      '@libp2p/utils': 7.0.5
      '@multiformats/multiaddr': 13.0.1
      '@multiformats/multiaddr-matcher': 3.0.1
      it-drain: 3.0.10
      it-parallel: 3.0.13
      main-event: 1.0.1
      protons-runtime: 5.6.0
      uint8arraylist: 2.4.8
      uint8arrays: 5.1.0

  '@libp2p/interface-internal@3.0.4':
    dependencies:
      '@libp2p/interface': 3.0.2
      '@libp2p/peer-collections': 7.0.4
      '@multiformats/multiaddr': 13.0.1
      progress-events: 1.0.1

  '@libp2p/interface-internal@3.0.5':
    dependencies:
      '@libp2p/interface': 3.0.2
      '@libp2p/peer-collections': 7.0.5
      '@multiformats/multiaddr': 13.0.1
      progress-events: 1.0.1

  '@libp2p/interface@2.11.0':
    dependencies:
      '@multiformats/dns': 1.0.6
      '@multiformats/multiaddr': 12.5.1
      it-pushable: 3.2.3
      it-stream-types: 2.0.2
      main-event: 1.0.1
      multiformats: 13.4.1
      progress-events: 1.0.1
      uint8arraylist: 2.4.8

  '@libp2p/interface@3.0.2':
    dependencies:
      '@multiformats/dns': 1.0.6
      '@multiformats/multiaddr': 13.0.1
      main-event: 1.0.1
      multiformats: 13.4.1
      progress-events: 1.0.1
      uint8arraylist: 2.4.8

  '@libp2p/logger@5.2.0':
    dependencies:
      '@libp2p/interface': 2.11.0
      '@multiformats/multiaddr': 12.5.1
      interface-datastore: 8.3.2
      multiformats: 13.4.1
      weald: 1.0.6

  '@libp2p/logger@6.0.1':
    dependencies:
      '@libp2p/interface': 3.0.2
      '@multiformats/multiaddr': 13.0.1
      interface-datastore: 8.3.2
      multiformats: 13.4.1
      weald: 1.0.6

  '@libp2p/logger@6.0.4':
    dependencies:
      '@libp2p/interface': 3.0.2
      '@multiformats/multiaddr': 13.0.1
      interface-datastore: 8.3.2
      multiformats: 13.4.1
      weald: 1.0.6

  '@libp2p/logger@6.0.5':
    dependencies:
      '@libp2p/interface': 3.0.2
      '@multiformats/multiaddr': 13.0.1
      interface-datastore: 9.0.2
      multiformats: 13.4.1
      weald: 1.0.6

  '@libp2p/multistream-select@7.0.4':
    dependencies:
      '@libp2p/interface': 3.0.2
      '@libp2p/utils': 7.0.5
      it-length-prefixed: 10.0.1
      uint8arraylist: 2.4.8
      uint8arrays: 5.1.0

  '@libp2p/peer-collections@7.0.4':
    dependencies:
      '@libp2p/interface': 3.0.2
      '@libp2p/peer-id': 6.0.3
      '@libp2p/utils': 7.0.5
      multiformats: 13.4.1

  '@libp2p/peer-collections@7.0.5':
    dependencies:
      '@libp2p/interface': 3.0.2
      '@libp2p/peer-id': 6.0.3
      '@libp2p/utils': 7.0.5
      multiformats: 13.4.1

  '@libp2p/peer-id@6.0.1':
    dependencies:
      '@libp2p/crypto': 5.1.12
      '@libp2p/interface': 3.0.2
      multiformats: 13.4.1
      uint8arrays: 5.1.0

  '@libp2p/peer-id@6.0.3':
    dependencies:
      '@libp2p/crypto': 5.1.12
      '@libp2p/interface': 3.0.2
      multiformats: 13.4.1
      uint8arrays: 5.1.0

  '@libp2p/peer-record@9.0.3':
    dependencies:
      '@libp2p/crypto': 5.1.12
      '@libp2p/interface': 3.0.2
      '@libp2p/peer-id': 6.0.3
      '@multiformats/multiaddr': 13.0.1
      multiformats: 13.4.1
      protons-runtime: 5.6.0
      uint8-varint: 2.0.4
      uint8arraylist: 2.4.8
      uint8arrays: 5.1.0

  '@libp2p/peer-store@12.0.4':
    dependencies:
      '@libp2p/crypto': 5.1.12
      '@libp2p/interface': 3.0.2
      '@libp2p/peer-collections': 7.0.4
      '@libp2p/peer-id': 6.0.3
      '@libp2p/peer-record': 9.0.3
      '@multiformats/multiaddr': 13.0.1
      interface-datastore: 8.3.2
      it-all: 3.0.9
      main-event: 1.0.1
      mortice: 3.3.1
      multiformats: 13.4.1
      protons-runtime: 5.6.0
      uint8arraylist: 2.4.8
      uint8arrays: 5.1.0

  '@libp2p/utils@7.0.1':
    dependencies:
      '@chainsafe/is-ip': 2.1.0
      '@chainsafe/netmask': 2.0.0
      '@libp2p/crypto': 5.1.12
      '@libp2p/interface': 3.0.2
      '@libp2p/logger': 6.0.1
      '@multiformats/multiaddr': 13.0.1
      '@sindresorhus/fnv1a': 3.1.0
      any-signal: 4.1.1
      cborg: 4.2.15
      delay: 6.0.0
      is-loopback-addr: 2.0.2
      it-length-prefixed: 10.0.1
      it-pipe: 3.0.1
      it-pushable: 3.2.3
      it-stream-types: 2.0.2
      main-event: 1.0.1
      netmask: 2.0.2
      p-defer: 4.0.1
      p-event: 7.0.0
      race-signal: 2.0.0
      uint8-varint: 2.0.4
      uint8arraylist: 2.4.8
      uint8arrays: 5.1.0

  '@libp2p/utils@7.0.4':
    dependencies:
      '@chainsafe/is-ip': 2.1.0
      '@chainsafe/netmask': 2.0.0
      '@libp2p/crypto': 5.1.12
      '@libp2p/interface': 3.0.2
      '@libp2p/logger': 6.0.4
      '@multiformats/multiaddr': 13.0.1
      '@sindresorhus/fnv1a': 3.1.0
      any-signal: 4.1.1
      cborg: 4.2.15
      delay: 6.0.0
      is-loopback-addr: 2.0.2
      it-length-prefixed: 10.0.1
      it-pipe: 3.0.1
      it-pushable: 3.2.3
      it-stream-types: 2.0.2
      main-event: 1.0.1
      netmask: 2.0.2
      p-defer: 4.0.1
      p-event: 7.0.0
      race-signal: 2.0.0
      uint8-varint: 2.0.4
      uint8arraylist: 2.4.8
      uint8arrays: 5.1.0

  '@libp2p/utils@7.0.5':
    dependencies:
      '@chainsafe/is-ip': 2.1.0
      '@chainsafe/netmask': 2.0.0
      '@libp2p/crypto': 5.1.12
      '@libp2p/interface': 3.0.2
      '@libp2p/logger': 6.0.5
      '@multiformats/multiaddr': 13.0.1
      '@sindresorhus/fnv1a': 3.1.0
      any-signal: 4.1.1
      cborg: 4.2.15
      delay: 6.0.0
      is-loopback-addr: 2.0.2
      it-length-prefixed: 10.0.1
      it-pipe: 3.0.1
      it-pushable: 3.2.3
      it-stream-types: 2.0.2
      main-event: 1.0.1
      netmask: 2.0.2
      p-defer: 4.0.1
      p-event: 7.0.0
      race-signal: 2.0.0
      uint8-varint: 2.0.4
      uint8arraylist: 2.4.8
      uint8arrays: 5.1.0

  '@libp2p/websockets@10.0.5':
    dependencies:
      '@libp2p/interface': 3.0.2
      '@libp2p/utils': 7.0.4
      '@multiformats/multiaddr': 13.0.1
      '@multiformats/multiaddr-matcher': 3.0.1
      '@multiformats/multiaddr-to-uri': 12.0.0
      main-event: 1.0.1
      p-event: 7.0.0
      progress-events: 1.0.1
      uint8arraylist: 2.4.8
      uint8arrays: 5.1.0
      ws: 8.18.3
    transitivePeerDependencies:
      - bufferutil
      - utf-8-validate

  '@multiformats/dns@1.0.6':
    dependencies:
      '@types/dns-packet': 5.6.5
      buffer: 6.0.3
      dns-packet: 5.6.1
      hashlru: 2.3.0
      p-queue: 8.1.0
      progress-events: 1.0.1
      uint8arrays: 5.1.0

  '@multiformats/multiaddr-matcher@3.0.1':
    dependencies:
      '@multiformats/multiaddr': 13.0.1

  '@multiformats/multiaddr-to-uri@12.0.0':
    dependencies:
      '@multiformats/multiaddr': 13.0.1

  '@multiformats/multiaddr@12.5.1':
    dependencies:
      '@chainsafe/is-ip': 2.1.0
      '@chainsafe/netmask': 2.0.0
      '@multiformats/dns': 1.0.6
      abort-error: 1.0.1
      multiformats: 13.4.1
      uint8-varint: 2.0.4
      uint8arrays: 5.1.0

  '@multiformats/multiaddr@13.0.1':
    dependencies:
      '@chainsafe/is-ip': 2.1.0
      multiformats: 13.3.7
      uint8-varint: 2.0.4
      uint8arrays: 5.1.0

  '@noble/ciphers@2.0.1': {}

  '@noble/curves@2.0.1':
    dependencies:
      '@noble/hashes': 2.0.1

  '@noble/hashes@2.0.1': {}

  '@nodelib/fs.scandir@2.1.5':
    dependencies:
      '@nodelib/fs.stat': 2.0.5
      run-parallel: 1.2.0

  '@nodelib/fs.stat@2.0.5': {}

  '@nodelib/fs.walk@1.2.8':
    dependencies:
      '@nodelib/fs.scandir': 2.1.5
      fastq: 1.19.1

  '@sindresorhus/fnv1a@3.1.0': {}

  '@types/dns-packet@5.6.5':
    dependencies:
      '@types/node': 24.6.2

  '@types/node@24.6.2':
    dependencies:
      undici-types: 7.13.0

  abort-error@1.0.1: {}

  any-signal@4.1.1: {}

  anymatch@3.1.3:
    dependencies:
      normalize-path: 3.0.0
      picomatch: 2.3.1

  array-union@2.1.0: {}

  base64-js@1.5.1: {}

  binary-extensions@2.3.0: {}

  braces@3.0.3:
    dependencies:
      fill-range: 7.1.1

  buffer@6.0.3:
    dependencies:
      base64-js: 1.5.1
      ieee754: 1.2.1

  cborg@4.2.15: {}

  chokidar@3.6.0:
    dependencies:
      anymatch: 3.1.3
      braces: 3.0.3
      glob-parent: 5.1.2
      is-binary-path: 2.1.0
      is-glob: 4.0.3
      normalize-path: 3.0.0
      readdirp: 3.6.0
    optionalDependencies:
      fsevents: 2.3.3

  commander@9.5.0: {}

  datastore-core@10.0.4:
    dependencies:
      '@libp2p/logger': 5.2.0
      interface-datastore: 8.3.2
      interface-store: 6.0.3
      it-drain: 3.0.10
      it-filter: 3.1.4
      it-map: 3.1.4
      it-merge: 3.0.12
      it-pipe: 3.0.1
      it-sort: 3.0.9
      it-take: 3.0.9

  delay@6.0.0: {}

  dir-glob@3.0.1:
    dependencies:
      path-type: 4.0.0

  dns-packet@5.6.1:
    dependencies:
      '@leichtgewicht/ip-codec': 2.0.5

  eventemitter3@5.0.1: {}

  fast-glob@3.3.3:
    dependencies:
      '@nodelib/fs.stat': 2.0.5
      '@nodelib/fs.walk': 1.2.8
      glob-parent: 5.1.2
      merge2: 1.4.1
      micromatch: 4.0.8

  fastq@1.19.1:
    dependencies:
      reusify: 1.1.0

  fill-range@7.1.1:
    dependencies:
      to-regex-range: 5.0.1

  fsevents@2.3.3:
    optional: true

  get-tsconfig@4.10.1:
    dependencies:
      resolve-pkg-maps: 1.0.0

  glob-parent@5.1.2:
    dependencies:
      is-glob: 4.0.3

  globby@11.1.0:
    dependencies:
      array-union: 2.1.0
      dir-glob: 3.0.1
      fast-glob: 3.3.3
      ignore: 5.3.2
      merge2: 1.4.1
      slash: 3.0.0

  hashlru@2.3.0: {}

  ieee754@1.2.1: {}

  ignore@5.3.2: {}

  interface-datastore@8.3.2:
    dependencies:
      interface-store: 6.0.3
      uint8arrays: 5.1.0

  interface-datastore@9.0.2:
    dependencies:
      interface-store: 7.0.0
      uint8arrays: 5.1.0

  interface-store@6.0.3: {}

  interface-store@7.0.0: {}

  is-binary-path@2.1.0:
    dependencies:
      binary-extensions: 2.3.0

  is-electron@2.2.2: {}

  is-extglob@2.1.1: {}

  is-glob@4.0.3:
    dependencies:
      is-extglob: 2.1.1

  is-loopback-addr@2.0.2: {}

  is-network-error@1.1.0: {}

  is-number@7.0.0: {}

  it-all@3.0.9: {}

  it-byte-stream@2.0.3:
    dependencies:
      abort-error: 1.0.1
      it-queueless-pushable: 2.0.2
      it-stream-types: 2.0.2
      race-signal: 1.1.3
      uint8arraylist: 2.4.8

  it-drain@3.0.10: {}

  it-filter@3.1.4:
    dependencies:
      it-peekable: 3.0.8

  it-length-prefixed-stream@2.0.3:
    dependencies:
      abort-error: 1.0.1
      it-byte-stream: 2.0.3
      it-stream-types: 2.0.2
      uint8-varint: 2.0.4
      uint8arraylist: 2.4.8

  it-length-prefixed@10.0.1:
    dependencies:
      it-reader: 6.0.4
      it-stream-types: 2.0.2
      uint8-varint: 2.0.4
      uint8arraylist: 2.4.8
      uint8arrays: 5.1.0

  it-map@3.1.4:
    dependencies:
      it-peekable: 3.0.8

  it-merge@3.0.12:
    dependencies:
      it-queueless-pushable: 2.0.2

  it-parallel@3.0.13:
    dependencies:
      p-defer: 4.0.1

  it-peekable@3.0.8: {}

  it-pipe@3.0.1:
    dependencies:
      it-merge: 3.0.12
      it-pushable: 3.2.3
      it-stream-types: 2.0.2

  it-pushable@3.2.3:
    dependencies:
      p-defer: 4.0.1

  it-queue@1.1.0:
    dependencies:
      abort-error: 1.0.1
      it-pushable: 3.2.3
      main-event: 1.0.1
      race-event: 1.6.1
      race-signal: 1.1.3

  it-queueless-pushable@2.0.2:
    dependencies:
      abort-error: 1.0.1
      p-defer: 4.0.1
      race-signal: 1.1.3

  it-reader@6.0.4:
    dependencies:
      it-stream-types: 2.0.2
      uint8arraylist: 2.4.8

  it-sort@3.0.9:
    dependencies:
      it-all: 3.0.9

  it-stream-types@2.0.2: {}

  it-take@3.0.9: {}

  libp2p@3.0.5:
    dependencies:
      '@chainsafe/is-ip': 2.1.0
      '@chainsafe/netmask': 2.0.0
      '@libp2p/crypto': 5.1.12
      '@libp2p/interface': 3.0.2
      '@libp2p/interface-internal': 3.0.4
      '@libp2p/logger': 6.0.4
      '@libp2p/multistream-select': 7.0.4
      '@libp2p/peer-collections': 7.0.4
      '@libp2p/peer-id': 6.0.3
      '@libp2p/peer-store': 12.0.4
      '@libp2p/utils': 7.0.4
      '@multiformats/dns': 1.0.6
      '@multiformats/multiaddr': 13.0.1
      '@multiformats/multiaddr-matcher': 3.0.1
      any-signal: 4.1.1
      datastore-core: 10.0.4
      interface-datastore: 8.3.2
      it-merge: 3.0.12
      it-parallel: 3.0.13
      main-event: 1.0.1
      multiformats: 13.4.1
      p-defer: 4.0.1
      p-event: 7.0.0
      p-retry: 7.0.0
      progress-events: 1.0.1
      race-signal: 2.0.0
      uint8arrays: 5.1.0

  main-event@1.0.1: {}

  merge2@1.4.1: {}

  micromatch@4.0.8:
    dependencies:
      braces: 3.0.3
      picomatch: 2.3.1

  mortice@3.3.1:
    dependencies:
      abort-error: 1.0.1
      it-queue: 1.1.0
      main-event: 1.0.1

  ms@3.0.0-canary.1: {}

  multiformats@13.3.7: {}

  multiformats@13.4.1: {}

  mylas@2.1.13: {}

  nanoid@5.1.5: {}

  netmask@2.0.2: {}

  normalize-path@3.0.0: {}

  p-defer@4.0.1: {}

  p-event@7.0.0:
    dependencies:
      p-timeout: 6.1.4

  p-queue@8.1.0:
    dependencies:
      eventemitter3: 5.0.1
      p-timeout: 6.1.4

  p-retry@7.0.0:
    dependencies:
      is-network-error: 1.1.0

  p-timeout@6.1.4: {}

  path-type@4.0.0: {}

  picomatch@2.3.1: {}

  plimit-lit@1.6.1:
    dependencies:
      queue-lit: 1.5.2

  progress-events@1.0.1: {}

  protons-runtime@5.6.0:
    dependencies:
      uint8-varint: 2.0.4
      uint8arraylist: 2.4.8
      uint8arrays: 5.1.0

  queue-lit@1.5.2: {}

  queue-microtask@1.2.3: {}

  race-event@1.6.1:
    dependencies:
      abort-error: 1.0.1

  race-signal@1.1.3: {}

  race-signal@2.0.0: {}

  readdirp@3.6.0:
    dependencies:
      picomatch: 2.3.1

  resolve-pkg-maps@1.0.0: {}

  retimeable-signal@1.0.1: {}

  reusify@1.1.0: {}

  run-parallel@1.2.0:
    dependencies:
      queue-microtask: 1.2.3

  slash@3.0.0: {}

  supports-color@10.2.2: {}

  to-regex-range@5.0.1:
    dependencies:
      is-number: 7.0.0

  tsc-alias@1.8.16:
    dependencies:
      chokidar: 3.6.0
      commander: 9.5.0
      get-tsconfig: 4.10.1
      globby: 11.1.0
      mylas: 2.1.13
      normalize-path: 3.0.0
      plimit-lit: 1.6.1

  typescript@5.9.3: {}

  uint8-varint@2.0.4:
    dependencies:
      uint8arraylist: 2.4.8
      uint8arrays: 5.1.0

  uint8arraylist@2.4.8:
    dependencies:
      uint8arrays: 5.1.0

  uint8arrays@5.1.0:
    dependencies:
      multiformats: 13.4.1

  undici-types@7.13.0: {}

  weald@1.0.6:
    dependencies:
      ms: 3.0.0-canary.1
      supports-color: 10.2.2

  wherearewe@2.0.1:
    dependencies:
      is-electron: 2.2.2

  ws@8.18.3: {}
